
Microsoft Visual Studio Solution File, Format Version 12.00
# Visual Studio Version 16
VisualStudioVersion = 16.0.29306.81
MinimumVisualStudioVersion = 10.0.40219.1
Project("{8BC9CEB8-8B4A-11D0-8D11-00A0C91BC942}") = "HW", "HW\HW.vcxproj", "{224132F4-725B-48A5-A987-957C28624688}"
EndProject
Global
	GlobalSection(SolutionConfigurationPlatforms) = preSolution
		Debug|x64 = Debug|x64
		Debug|x86 = Debug|x86
		Release|x64 = Release|x64
		Release|x86 = Release|x86
	EndGlobalSection
	GlobalSection(ProjectConfigurationPlatforms) = postSolution
		{224132F4-725B-48A5-A987-957C28624688}.Debug|x64.ActiveCfg = Debug|x64
		{224132F4-725B-48A5-A987-957C28624688}.Debug|x64.Build.0 = Debug|x64
		{224132F4-725B-48A5-A987-957C28624688}.Debug|x86.ActiveCfg = Debug|Win32
		{224132F4-725B-48A5-A987-957C28624688}.Debug|x86.Build.0 = Debug|Win32
		{224132F4-725B-48A5-A987-957C28624688}.Release|x64.ActiveCfg = Release|x64
		{224132F4-725B-48A5-A987-957C28624688}.Release|x64.Build.0 = Release|x64
		{224132F4-725B-48A5-A987-957C28624688}.Release|x86.ActiveCfg = Release|Win32
		{224132F4-725B-48A5-A987-957C28624688}.Release|x86.Build.0 = Release|Win32
	EndGlobalSection
	GlobalSection(SolutionProperties) = preSolution
		HideSolutionNode = FALSE
	EndGlobalSection
	GlobalSection(ExtensibilityGlobals) = postSolution
		SolutionGuid = {36D8BA19-88FA-4338-8BE4-0F00168175D8}
	EndGlobalSection
EndGlobal
